
Microsoft Visual Studio Solution File, Format Version 12.00
# Visual Studio 15
VisualStudioVersion = 15.0.26730.16
MinimumVisualStudioVersion = 10.0.40219.1
Project("{FAE04EC0-301F-11D3-BF4B-00C04F79EFBC}") = "VariationsAlgorithm", "VariationsAlgorithm\VariationsAlgorithm.csproj", "{F22EC4CF-31A9-4A3C-9D0A-B35CE28D0CC0}"
EndProject
Project("{FAE04EC0-301F-11D3-BF4B-00C04F79EFBC}") = "VariationsGUI", "VariationsGUI\VariationsGUI.csproj", "{9F7F8367-4A4E-4C79-AABB-1870E98CD788}"
EndProject
Global
	GlobalSection(SolutionConfigurationPlatforms) = preSolution
		Debug|Any CPU = Debug|Any CPU
		Release|Any CPU = Release|Any CPU
	EndGlobalSection
	GlobalSection(ProjectConfigurationPlatforms) = postSolution
		{F22EC4CF-31A9-4A3C-9D0A-B35CE28D0CC0}.Debug|Any CPU.ActiveCfg = Debug|Any CPU
		{F22EC4CF-31A9-4A3C-9D0A-B35CE28D0CC0}.Debug|Any CPU.Build.0 = Debug|Any CPU
		{F22EC4CF-31A9-4A3C-9D0A-B35CE28D0CC0}.Release|Any CPU.ActiveCfg = Release|Any CPU
		{F22EC4CF-31A9-4A3C-9D0A-B35CE28D0CC0}.Release|Any CPU.Build.0 = Release|Any CPU
		{9F7F8367-4A4E-4C79-AABB-1870E98CD788}.Debug|Any CPU.ActiveCfg = Debug|Any CPU
		{9F7F8367-4A4E-4C79-AABB-1870E98CD788}.Debug|Any CPU.Build.0 = Debug|Any CPU
		{9F7F8367-4A4E-4C79-AABB-1870E98CD788}.Release|Any CPU.ActiveCfg = Release|Any CPU
		{9F7F8367-4A4E-4C79-AABB-1870E98CD788}.Release|Any CPU.Build.0 = Release|Any CPU
	EndGlobalSection
	GlobalSection(SolutionProperties) = preSolution
		HideSolutionNode = FALSE
	EndGlobalSection
	GlobalSection(ExtensibilityGlobals) = postSolution
		SolutionGuid = {BF575761-37E2-4C12-AFE6-767D1A34BF65}
	EndGlobalSection
EndGlobal
